
Microsoft Visual Studio Solution File, Format Version 12.00
# Visual Studio Version 17
VisualStudioVersion = 17.5.33530.505
MinimumVisualStudioVersion = 10.0.40219.1
Project("{FAE04EC0-301F-11D3-BF4B-00C04F79EFBC}") = "c# loops", "c# loops\c# loops.csproj", "{C62111C6-2FE8-4965-AE6B-38696E5C3474}"
EndProject
Global
	GlobalSection(SolutionConfigurationPlatforms) = preSolution
		Debug|Any CPU = Debug|Any CPU
		Release|Any CPU = Release|Any CPU
	EndGlobalSection
	GlobalSection(ProjectConfigurationPlatforms) = postSolution
		{C62111C6-2FE8-4965-AE6B-38696E5C3474}.Debug|Any CPU.ActiveCfg = Debug|Any CPU
		{C62111C6-2FE8-4965-AE6B-38696E5C3474}.Debug|Any CPU.Build.0 = Debug|Any CPU
		{C62111C6-2FE8-4965-AE6B-38696E5C3474}.Release|Any CPU.ActiveCfg = Release|Any CPU
		{C62111C6-2FE8-4965-AE6B-38696E5C3474}.Release|Any CPU.Build.0 = Release|Any CPU
	EndGlobalSection
	GlobalSection(SolutionProperties) = preSolution
		HideSolutionNode = FALSE
	EndGlobalSection
	GlobalSection(ExtensibilityGlobals) = postSolution
		SolutionGuid = {025FFCC5-62A1-4D4A-950E-10566DB3756E}
	EndGlobalSection
EndGlobal
