
Microsoft Visual Studio Solution File, Format Version 12.00
# Visual Studio Version 17
VisualStudioVersion = 17.5.33530.505
MinimumVisualStudioVersion = 10.0.40219.1
Project("{FAE04EC0-301F-11D3-BF4B-00C04F79EFBC}") = "c# method", "c# method\c# method.csproj", "{DF515838-6D35-4CB2-8736-8EFB7E33FF7F}"
EndProject
Project("{FAE04EC0-301F-11D3-BF4B-00C04F79EFBC}") = "c# namespace", "c# namespace\c# namespace.csproj", "{5BFDDE5D-3386-44D0-AC02-909DC88EE524}"
EndProject
Project("{FAE04EC0-301F-11D3-BF4B-00C04F79EFBC}") = "c# method parameter", "c# method parameter\c# method parameter.csproj", "{B68D8C28-76EF-438F-9FE7-8D64D83B65C3}"
EndProject
Project("{FAE04EC0-301F-11D3-BF4B-00C04F79EFBC}") = "c# class", "c# class\c# class.csproj", "{DDBB47DA-880E-4B28-9240-5B173A11FC12}"
EndProject
Project("{FAE04EC0-301F-11D3-BF4B-00C04F79EFBC}") = "c# instance", "c# instance\c# instance.csproj", "{A419718E-88FC-49F2-9893-75798158BA2E}"
EndProject
Global
	GlobalSection(SolutionConfigurationPlatforms) = preSolution
		Debug|Any CPU = Debug|Any CPU
		Release|Any CPU = Release|Any CPU
	EndGlobalSection
	GlobalSection(ProjectConfigurationPlatforms) = postSolution
		{DF515838-6D35-4CB2-8736-8EFB7E33FF7F}.Debug|Any CPU.ActiveCfg = Debug|Any CPU
		{DF515838-6D35-4CB2-8736-8EFB7E33FF7F}.Debug|Any CPU.Build.0 = Debug|Any CPU
		{DF515838-6D35-4CB2-8736-8EFB7E33FF7F}.Release|Any CPU.ActiveCfg = Release|Any CPU
		{DF515838-6D35-4CB2-8736-8EFB7E33FF7F}.Release|Any CPU.Build.0 = Release|Any CPU
		{5BFDDE5D-3386-44D0-AC02-909DC88EE524}.Debug|Any CPU.ActiveCfg = Debug|Any CPU
		{5BFDDE5D-3386-44D0-AC02-909DC88EE524}.Debug|Any CPU.Build.0 = Debug|Any CPU
		{5BFDDE5D-3386-44D0-AC02-909DC88EE524}.Release|Any CPU.ActiveCfg = Release|Any CPU
		{5BFDDE5D-3386-44D0-AC02-909DC88EE524}.Release|Any CPU.Build.0 = Release|Any CPU
		{B68D8C28-76EF-438F-9FE7-8D64D83B65C3}.Debug|Any CPU.ActiveCfg = Debug|Any CPU
		{B68D8C28-76EF-438F-9FE7-8D64D83B65C3}.Debug|Any CPU.Build.0 = Debug|Any CPU
		{B68D8C28-76EF-438F-9FE7-8D64D83B65C3}.Release|Any CPU.ActiveCfg = Release|Any CPU
		{B68D8C28-76EF-438F-9FE7-8D64D83B65C3}.Release|Any CPU.Build.0 = Release|Any CPU
		{DDBB47DA-880E-4B28-9240-5B173A11FC12}.Debug|Any CPU.ActiveCfg = Debug|Any CPU
		{DDBB47DA-880E-4B28-9240-5B173A11FC12}.Debug|Any CPU.Build.0 = Debug|Any CPU
		{DDBB47DA-880E-4B28-9240-5B173A11FC12}.Release|Any CPU.ActiveCfg = Release|Any CPU
		{DDBB47DA-880E-4B28-9240-5B173A11FC12}.Release|Any CPU.Build.0 = Release|Any CPU
		{A419718E-88FC-49F2-9893-75798158BA2E}.Debug|Any CPU.ActiveCfg = Debug|Any CPU
		{A419718E-88FC-49F2-9893-75798158BA2E}.Debug|Any CPU.Build.0 = Debug|Any CPU
		{A419718E-88FC-49F2-9893-75798158BA2E}.Release|Any CPU.ActiveCfg = Release|Any CPU
		{A419718E-88FC-49F2-9893-75798158BA2E}.Release|Any CPU.Build.0 = Release|Any CPU
	EndGlobalSection
	GlobalSection(SolutionProperties) = preSolution
		HideSolutionNode = FALSE
	EndGlobalSection
	GlobalSection(ExtensibilityGlobals) = postSolution
		SolutionGuid = {A8F55131-587C-45E7-B543-3422F09C330A}
	EndGlobalSection
EndGlobal
